// !$*UTF8*$!
{
	archiveVersion = 1;
	classes = {
	};
	objectVersion = 46;
	objects = {

/* Begin PBXBuildFile section */
		8864F64E1C230C33007045D3 /* AppDelegate.swift in Sources */ = {isa = PBXBuildFile; fileRef = 8864F64D1C230C33007045D3 /* AppDelegate.swift */; };
		8864F6501C230C33007045D3 /* ViewController.swift in Sources */ = {isa = PBXBuildFile; fileRef = 8864F64F1C230C33007045D3 /* ViewController.swift */; };
		8864F6531C230C33007045D3 /* Main.storyboard in Resources */ = {isa = PBXBuildFile; fileRef = 8864F6511C230C33007045D3 /* Main.storyboard */; };
		8864F6551C230C33007045D3 /* Assets.xcassets in Resources */ = {isa = PBXBuildFile; fileRef = 8864F6541C230C33007045D3 /* Assets.xcassets */; };
		8864F6581C230C33007045D3 /* LaunchScreen.storyboard in Resources */ = {isa = PBXBuildFile; fileRef = 8864F6561C230C33007045D3 /* LaunchScreen.storyboard */; };
		8864F6631C230C33007045D3 /* ChangeColorTests.swift in Sources */ = {isa = PBXBuildFile; fileRef = 8864F6621C230C33007045D3 /* ChangeColorTests.swift */; };
		8864F66E1C230C33007045D3 /* ChangeColorUITests.swift in Sources */ = {isa = PBXBuildFile; fileRef = 8864F66D1C230C33007045D3 /* ChangeColorUITests.swift */; };
/* End PBXBuildFile section */

/* Begin PBXContainerItemProxy section */
		8864F65F1C230C33007045D3 /* PBXContainerItemProxy */ = {
			isa = PBXContainerItemProxy;
			containerPortal = 8864F6421C230C33007045D3 /* Project object */;
			proxyType = 1;
			remoteGlobalIDString = 8864F6491C230C33007045D3;
			remoteInfo = ChangeColor;
		};
		8864F66A1C230C33007045D3 /* PBXContainerItemProxy */ = {
			isa = PBXContainerItemProxy;
			containerPortal = 8864F6421C230C33007045D3 /* Project object */;
			proxyType = 1;
			remoteGlobalIDString = 8864F6491C230C33007045D3;
			remoteInfo = ChangeColor;
		};
/* End PBXContainerItemProxy section */

/* Begin PBXFileReference section */
		8864F64A1C230C33007045D3 /* ChangeColor.app */ = {isa = PBXFileReference; explicitFileType = wrapper.application; includeInIndex = 0; path = ChangeColor.app; sourceTree = BUILT_PRODUCTS_DIR; };
		8864F64D1C230C33007045D3 /* AppDelegate.swift */ = {isa = PBXFileReference; lastKnownFileType = sourcecode.swift; path = AppDelegate.swift; sourceTree = "<group>"; };
		8864F64F1C230C33007045D3 /* ViewController.swift */ = {isa = PBXFileReference; lastKnownFileType = sourcecode.swift; path = ViewController.swift; sourceTree = "<group>"; };
		8864F6521C230C33007045D3 /* Base */ = {isa = PBXFileReference; lastKnownFileType = file.storyboard; name = Base; path = Base.lproj/Main.storyboard; sourceTree = "<group>"; };
		8864F6541C230C33007045D3 /* Assets.xcassets */ = {isa = PBXFileReference; lastKnownFileType = folder.assetcatalog; path = Assets.xcassets; sourceTree = "<group>"; };
		8864F6571C230C33007045D3 /* Base */ = {isa = PBXFileReference; lastKnownFileType = file.storyboard; name = Base; path = Base.lproj/LaunchScreen.storyboard; sourceTree = "<group>"; };
		8864F6591C230C33007045D3 /* Info.plist */ = {isa = PBXFileReference; lastKnownFileType = text.plist.xml; path = Info.plist; sourceTree = "<group>"; };
		8864F65E1C230C33007045D3 /* ChangeColorTests.xctest */ = {isa = PBXFileReference; explicitFileType = wrapper.cfbundle; includeInIndex = 0; path = ChangeColorTests.xctest; sourceTree = BUILT_PRODUCTS_DIR; };
		8864F6621C230C33007045D3 /* ChangeColorTests.swift */ = {isa = PBXFileReference; lastKnownFileType = sourcecode.swift; path = ChangeColorTests.swift; sourceTree = "<group>"; };
		8864F6641C230C33007045D3 /* Info.plist */ = {isa = PBXFileReference; lastKnownFileType = text.plist.xml; path = Info.plist; sourceTree = "<group>"; };
		8864F6691C230C33007045D3 /* ChangeColorUITests.xctest */ = {isa = PBXFileReference; explicitFileType = wrapper.cfbundle; includeInIndex = 0; path = ChangeColorUITests.xctest; sourceTree = BUILT_PRODUCTS_DIR; };
		8864F66D1C230C33007045D3 /* ChangeColorUITests.swift */ = {isa = PBXFileReference; lastKnownFileType = sourcecode.swift; path = ChangeColorUITests.swift; sourceTree = "<group>"; };
		8864F66F1C230C33007045D3 /* Info.plist */ = {isa = PBXFileReference; lastKnownFileType = text.plist.xml; path = Info.plist; sourceTree = "<group>"; };
/* End PBXFileReference section */

/* Begin PBXFrameworksBuildPhase section */
		8864F6471C230C33007045D3 /* Frameworks */ = {
			isa = PBXFrameworksBuildPhase;
			buildActionMask = 2147483647;
			files = (
			);
			runOnlyForDeploymentPostprocessing = 0;
		};
		8864F65B1C230C33007045D3 /* Frameworks */ = {
			isa = PBXFrameworksBuildPhase;
			buildActionMask = 2147483647;
			files = (
			);
			runOnlyForDeploymentPostprocessing = 0;
		};
		8864F6661C230C33007045D3 /* Frameworks */ = {
			isa = PBXFrameworksBuildPhase;
			buildActionMask = 2147483647;
			files = (
			);
			runOnlyForDeploymentPostprocessing = 0;
		};
/* End PBXFrameworksBuildPhase section */

/* Begin PBXGroup section */
		8864F6411C230C33007045D3 = {
			isa = PBXGroup;
			children = (
				8864F64C1C230C33007045D3 /* ChangeColor */,
				8864F6611C230C33007045D3 /* ChangeColorTests */,
				8864F66C1C230C33007045D3 /* ChangeColorUITests */,
				8864F64B1C230C33007045D3 /* Products */,
			);
			sourceTree = "<group>";
		};
		8864F64B1C230C33007045D3 /* Products */ = {
			isa = PBXGroup;
			children = (
				8864F64A1C230C33007045D3 /* ChangeColor.app */,
				8864F65E1C230C33007045D3 /* ChangeColorTests.xctest */,
				8864F6691C230C33007045D3 /* ChangeColorUITests.xctest */,
			);
			name = Products;
			sourceTree = "<group>";
		};
		8864F64C1C230C33007045D3 /* ChangeColor */ = {
			isa = PBXGroup;
			children = (
				8864F64D1C230C33007045D3 /* AppDelegate.swift */,
				8864F64F1C230C33007045D3 /* ViewController.swift */,
				8864F6511C230C33007045D3 /* Main.storyboard */,
				8864F6541C230C33007045D3 /* Assets.xcassets */,
				8864F6561C230C33007045D3 /* LaunchScreen.storyboard */,
				8864F6591C230C33007045D3 /* Info.plist */,
			);
			path = ChangeColor;
			sourceTree = "<group>";
		};
		8864F6611C230C33007045D3 /* ChangeColorTests */ = {
			isa = PBXGroup;
			children = (
				8864F6621C230C33007045D3 /* ChangeColorTests.swift */,
				8864F6641C230C33007045D3 /* Info.plist */,
			);
			path = ChangeColorTests;
			sourceTree = "<group>";
		};
		8864F66C1C230C33007045D3 /* ChangeColorUITests */ = {
			isa = PBXGroup;
			children = (
				8864F66D1C230C33007045D3 /* ChangeColorUITests.swift */,
				8864F66F1C230C33007045D3 /* Info.plist */,
			);
			path = ChangeColorUITests;
			sourceTree = "<group>";
		};
/* End PBXGroup section */

/* Begin PBXNativeTarget section */
		8864F6491C230C33007045D3 /* ChangeColor */ = {
			isa = PBXNativeTarget;
			buildConfigurationList = 8864F6721C230C33007045D3 /* Build configuration list for PBXNativeTarget "ChangeColor" */;
			buildPhases = (
				8864F6461C230C33007045D3 /* Sources */,
				8864F6471C230C33007045D3 /* Frameworks */,
				8864F6481C230C33007045D3 /* Resources */,
			);
			buildRules = (
			);
			dependencies = (
			);
			name = ChangeColor;
			productName = ChangeColor;
			productReference = 8864F64A1C230C33007045D3 /* ChangeColor.app */;
			productType = "com.apple.product-type.application";
		};
		8864F65D1C230C33007045D3 /* ChangeColorTests */ = {
			isa = PBXNativeTarget;
			buildConfigurationList = 8864F6751C230C33007045D3 /* Build configuration list for PBXNativeTarget "ChangeColorTests" */;
			buildPhases = (
				8864F65A1C230C33007045D3 /* Sources */,
				8864F65B1C230C33007045D3 /* Frameworks */,
				8864F65C1C230C33007045D3 /* Resources */,
			);
			buildRules = (
			);
			dependencies = (
				8864F6601C230C33007045D3 /* PBXTargetDependency */,
			);
			name = ChangeColorTests;
			productName = ChangeColorTests;
			productReference = 8864F65E1C230C33007045D3 /* ChangeColorTests.xctest */;
			productType = "com.apple.product-type.bundle.unit-test";
		};
		8864F6681C230C33007045D3 /* ChangeColorUITests */ = {
			isa = PBXNativeTarget;
			buildConfigurationList = 8864F6781C230C33007045D3 /* Build configuration list for PBXNativeTarget "ChangeColorUITests" */;
			buildPhases = (
				8864F6651C230C33007045D3 /* Sources */,
				8864F6661C230C33007045D3 /* Frameworks */,
				8864F6671C230C33007045D3 /* Resources */,
			);
			buildRules = (
			);
			dependencies = (
				8864F66B1C230C33007045D3 /* PBXTargetDependency */,
			);
			name = ChangeColorUITests;
			productName = ChangeColorUITests;
			productReference = 8864F6691C230C33007045D3 /* ChangeColorUITests.xctest */;
			productType = "com.apple.product-type.bundle.ui-testing";
		};
/* End PBXNativeTarget section */

/* Begin PBXProject section */
		8864F6421C230C33007045D3 /* Project object */ = {
			isa = PBXProject;
			attributes = {
				LastSwiftUpdateCheck = 0720;
				LastUpgradeCheck = 0720;
				ORGANIZATIONNAME = CTEC;
				TargetAttributes = {
					8864F6491C230C33007045D3 = {
						CreatedOnToolsVersion = 7.2;
					};
					8864F65D1C230C33007045D3 = {
						CreatedOnToolsVersion = 7.2;
						TestTargetID = 8864F6491C230C33007045D3;
					};
					8864F6681C230C33007045D3 = {
						CreatedOnToolsVersion = 7.2;
						TestTargetID = 8864F6491C230C33007045D3;
					};
				};
			};
			buildConfigurationList = 8864F6451C230C33007045D3 /* Build configuration list for PBXProject "ChangeColor" */;
			compatibilityVersion = "Xcode 3.2";
			developmentRegion = English;
			hasScannedForEncodings = 0;
			knownRegions = (
				en,
				Base,
			);
			mainGroup = 8864F6411C230C33007045D3;
			productRefGroup = 8864F64B1C230C33007045D3 /* Products */;
			projectDirPath = "";
			projectRoot = "";
			targets = (
				8864F6491C230C33007045D3 /* ChangeColor */,
				8864F65D1C230C33007045D3 /* ChangeColorTests */,
				8864F6681C230C33007045D3 /* ChangeColorUITests */,
			);
		};
/* End PBXProject section */

/* Begin PBXResourcesBuildPhase section */
		8864F6481C230C33007045D3 /* Resources */ = {
			isa = PBXResourcesBuildPhase;
			buildActionMask = 2147483647;
			files = (
				8864F6581C230C33007045D3 /* LaunchScreen.storyboard in Resources */,
				8864F6551C230C33007045D3 /* Assets.xcassets in Resources */,
				8864F6531C230C33007045D3 /* Main.storyboard in Resources */,
			);
			runOnlyForDeploymentPostprocessing = 0;
		};
		8864F65C1C230C33007045D3 /* Resources */ = {
			isa = PBXResourcesBuildPhase;
			buildActionMask = 2147483647;
			files = (
			);
			runOnlyForDeploymentPostprocessing = 0;
		};
		8864F6671C230C33007045D3 /* Resources */ = {
			isa = PBXResourcesBuildPhase;
			buildActionMask = 2147483647;
			files = (
			);
			runOnlyForDeploymentPostprocessing = 0;
		};
/* End PBXResourcesBuildPhase section */

/* Begin PBXSourcesBuildPhase section */
		8864F6461C230C33007045D3 /* Sources */ = {
			isa = PBXSourcesBuildPhase;
			buildActionMask = 2147483647;
			files = (
				8864F6501C230C33007045D3 /* ViewController.swift in Sources */,
				8864F64E1C230C33007045D3 /* AppDelegate.swift in Sources */,
			);
			runOnlyForDeploymentPostprocessing = 0;
		};
		8864F65A1C230C33007045D3 /* Sources */ = {
			isa = PBXSourcesBuildPhase;
			buildActionMask = 2147483647;
			files = (
				8864F6631C230C33007045D3 /* ChangeColorTests.swift in Sources */,
			);
			runOnlyForDeploymentPostprocessing = 0;
		};
		8864F6651C230C33007045D3 /* Sources */ = {
			isa = PBXSourcesBuildPhase;
			buildActionMask = 2147483647;
			files = (
				8864F66E1C230C33007045D3 /* ChangeColorUITests.swift in Sources */,
			);
			runOnlyForDeploymentPostprocessing = 0;
		};
/* End PBXSourcesBuildPhase section */

/* Begin PBXTargetDependency section */
		8864F6601C230C33007045D3 /* PBXTargetDependency */ = {
			isa = PBXTargetDependency;
			target = 8864F6491C230C33007045D3 /* ChangeColor */;
			targetProxy = 8864F65F1C230C33007045D3 /* PBXContainerItemProxy */;
		};
		8864F66B1C230C33007045D3 /* PBXTargetDependency */ = {
			isa = PBXTargetDependency;
			target = 8864F6491C230C33007045D3 /* ChangeColor */;
			targetProxy = 8864F66A1C230C33007045D3 /* PBXContainerItemProxy */;
		};
/* End PBXTargetDependency section */

/* Begin PBXVariantGroup section */
		8864F6511C230C33007045D3 /* Main.storyboard */ = {
			isa = PBXVariantGroup;
			children = (
				8864F6521C230C33007045D3 /* Base */,
			);
			name = Main.storyboard;
			sourceTree = "<group>";
		};
		8864F6561C230C33007045D3 /* LaunchScreen.storyboard */ = {
			isa = PBXVariantGroup;
			children = (
				8864F6571C230C33007045D3 /* Base */,
			);
			name = LaunchScreen.storyboard;
			sourceTree = "<group>";
		};
/* End PBXVariantGroup section */

/* Begin XCBuildConfiguration section */
		8864F6701C230C33007045D3 /* Debug */ = {
			isa = XCBuildConfiguration;
			buildSettings = {
				ALWAYS_SEARCH_USER_PATHS = NO;
				CLANG_CXX_LANGUAGE_STANDARD = "gnu++0x";
				CLANG_CXX_LIBRARY = "libc++";
				CLANG_ENABLE_MODULES = YES;
				CLANG_ENABLE_OBJC_ARC = YES;
				CLANG_WARN_BOOL_CONVERSION = YES;
				CLANG_WARN_CONSTANT_CONVERSION = YES;
				CLANG_WARN_DIRECT_OBJC_ISA_USAGE = YES_ERROR;
				CLANG_WARN_EMPTY_BODY = YES;
				CLANG_WARN_ENUM_CONVERSION = YES;
				CLANG_WARN_INT_CONVERSION = YES;
				CLANG_WARN_OBJC_ROOT_CLASS = YES_ERROR;
				CLANG_WARN_UNREACHABLE_CODE = YES;
				CLANG_WARN__DUPLICATE_METHOD_MATCH = YES;
				"CODE_SIGN_IDENTITY[sdk=iphoneos*]" = "iPhone Developer";
				COPY_PHASE_STRIP = NO;
				DEBUG_INFORMATION_FORMAT = dwarf;
				ENABLE_STRICT_OBJC_MSGSEND = YES;
				ENABLE_TESTABILITY = YES;
				GCC_C_LANGUAGE_STANDARD = gnu99;
				GCC_DYNAMIC_NO_PIC = NO;
				GCC_NO_COMMON_BLOCKS = YES;
				GCC_OPTIMIZATION_LEVEL = 0;
				GCC_PREPROCESSOR_DEFINITIONS = (
					"DEBUG=1",
					"$(inherited)",
				);
				GCC_WARN_64_TO_32_BIT_CONVERSION = YES;
				GCC_WARN_ABOUT_RETURN_TYPE = YES_ERROR;
				GCC_WARN_UNDECLARED_SELECTOR = YES;
				GCC_WARN_UNINITIALIZED_AUTOS = YES_AGGRESSIVE;
				GCC_WARN_UNUSED_FUNCTION = YES;
				GCC_WARN_UNUSED_VARIABLE = YES;
				IPHONEOS_DEPLOYMENT_TARGET = 9.2;
				MTL_ENABLE_DEBUG_INFO = YES;
				ONLY_ACTIVE_ARCH = YES;
				SDKROOT = iphoneos;
				SWIFT_OPTIMIZATION_LEVEL = "-Onone";
				TARGETED_DEVICE_FAMILY = "1,2";
			};
			name = Debug;
		};
		8864F6711C230C33007045D3 /* Release */ = {
			isa = XCBuildConfiguration;
			buildSettings = {
				ALWAYS_SEARCH_USER_PATHS = NO;
				CLANG_CXX_LANGUAGE_STANDARD = "gnu++0x";
				CLANG_CXX_LIBRARY = "libc++";
				CLANG_ENABLE_MODULES = YES;
				CLANG_ENABLE_OBJC_ARC = YES;
				CLANG_WARN_BOOL_CONVERSION = YES;
				CLANG_WARN_CONSTANT_CONVERSION = YES;
				CLANG_WARN_DIRECT_OBJC_ISA_USAGE = YES_ERROR;
				CLANG_WARN_EMPTY_BODY = YES;
				CLANG_WARN_ENUM_CONVERSION = YES;
				CLANG_WARN_INT_CONVERSION = YES;
				CLANG_WARN_OBJC_ROOT_CLASS = YES_ERROR;
				CLANG_WARN_UNREACHABLE_CODE = YES;
				CLANG_WARN__DUPLICATE_METHOD_MATCH = YES;
				"CODE_SIGN_IDENTITY[sdk=iphoneos*]" = "iPhone Developer";
				COPY_PHASE_STRIP = NO;
				DEBUG_INFORMATION_FORMAT = "dwarf-with-dsym";
				ENABLE_NS_ASSERTIONS = NO;
				ENABLE_STRICT_OBJC_MSGSEND = YES;
				GCC_C_LANGUAGE_STANDARD = gnu99;
				GCC_NO_COMMON_BLOCKS = YES;
				GCC_WARN_64_TO_32_BIT_CONVERSION = YES;
				GCC_WARN_ABOUT_RETURN_TYPE = YES_ERROR;
				GCC_WARN_UNDECLARED_SELECTOR = YES;
				GCC_WARN_UNINITIALIZED_AUTOS = YES_AGGRESSIVE;
				GCC_WARN_UNUSED_FUNCTION = YES;
				GCC_WARN_UNUSED_VARIABLE = YES;
				IPHONEOS_DEPLOYMENT_TARGET = 9.2;
				MTL_ENABLE_DEBUG_INFO = NO;
				SDKROOT = iphoneos;
				TARGETED_DEVICE_FAMILY = "1,2";
				VALIDATE_PRODUCT = YES;
			};
			name = Release;
		};
		8864F6731C230C33007045D3 /* Debug */ = {
			isa = XCBuildConfiguration;
			buildSettings = {
				ASSETCATALOG_COMPILER_APPICON_NAME = AppIcon;
				INFOPLIST_FILE = ChangeColor/Info.plist;
				LD_RUNPATH_SEARCH_PATHS = "$(inherited) @executable_path/Frameworks";
				PRODUCT_BUNDLE_IDENTIFIER = ctec.ChangeColor;
				PRODUCT_NAME = "$(TARGET_NAME)";
			};
			name = Debug;
		};
		8864F6741C230C33007045D3 /* Release */ = {
			isa = XCBuildConfiguration;
			buildSettings = {
				ASSETCATALOG_COMPILER_APPICON_NAME = AppIcon;
				INFOPLIST_FILE = ChangeColor/Info.plist;
				LD_RUNPATH_SEARCH_PATHS = "$(inherited) @executable_path/Frameworks";
				PRODUCT_BUNDLE_IDENTIFIER = ctec.ChangeColor;
				PRODUCT_NAME = "$(TARGET_NAME)";
			};
			name = Release;
		};
		8864F6761C230C33007045D3 /* Debug */ = {
			isa = XCBuildConfiguration;
			buildSettings = {
				BUNDLE_LOADER = "$(TEST_HOST)";
				INFOPLIST_FILE = ChangeColorTests/Info.plist;
				LD_RUNPATH_SEARCH_PATHS = "$(inherited) @executable_path/Frameworks @loader_path/Frameworks";
				PRODUCT_BUNDLE_IDENTIFIER = ctec.ChangeColorTests;
				PRODUCT_NAME = "$(TARGET_NAME)";
				TEST_HOST = "$(BUILT_PRODUCTS_DIR)/ChangeColor.app/ChangeColor";
			};
			name = Debug;
		};
		8864F6771C230C33007045D3 /* Release */ = {
			isa = XCBuildConfiguration;
			buildSettings = {
				BUNDLE_LOADER = "$(TEST_HOST)";
				INFOPLIST_FILE = ChangeColorTests/Info.plist;
				LD_RUNPATH_SEARCH_PATHS = "$(inherited) @executable_path/Frameworks @loader_path/Frameworks";
				PRODUCT_BUNDLE_IDENTIFIER = ctec.ChangeColorTests;
				PRODUCT_NAME = "$(TARGET_NAME)";
				TEST_HOST = "$(BUILT_PRODUCTS_DIR)/ChangeColor.app/ChangeColor";
			};
			name = Release;
		};
		8864F6791C230C33007045D3 /* Debug */ = {
			isa = XCBuildConfiguration;
			buildSettings = {
				INFOPLIST_FILE = ChangeColorUITests/Info.plist;
				LD_RUNPATH_SEARCH_PATHS = "$(inherited) @executable_path/Frameworks @loader_path/Frameworks";
				PRODUCT_BUNDLE_IDENTIFIER = ctec.ChangeColorUITests;
				PRODUCT_NAME = "$(TARGET_NAME)";
				TEST_TARGET_NAME = ChangeColor;
				USES_XCTRUNNER = YES;
			};
			name = Debug;
		};
		8864F67A1C230C33007045D3 /* Release */ = {
			isa = XCBuildConfiguration;
			buildSettings = {
				INFOPLIST_FILE = ChangeColorUITests/Info.plist;
				LD_RUNPATH_SEARCH_PATHS = "$(inherited) @executable_path/Frameworks @loader_path/Frameworks";
				PRODUCT_BUNDLE_IDENTIFIER = ctec.ChangeColorUITests;
				PRODUCT_NAME = "$(TARGET_NAME)";
				TEST_TARGET_NAME = ChangeColor;
				USES_XCTRUNNER = YES;
			};
			name = Release;
		};
/* End XCBuildConfiguration section */

/* Begin XCConfigurationList section */
		8864F6451C230C33007045D3 /* Build configuration list for PBXProject "ChangeColor" */ = {
			isa = XCConfigurationList;
			buildConfigurations = (
				8864F6701C230C33007045D3 /* Debug */,
				8864F6711C230C33007045D3 /* Release */,
			);
			defaultConfigurationIsVisible = 0;
			defaultConfigurationName = Release;
		};
		8864F6721C230C33007045D3 /* Build configuration list for PBXNativeTarget "ChangeColor" */ = {
			isa = XCConfigurationList;
			buildConfigurations = (
				8864F6731C230C33007045D3 /* Debug */,
				8864F6741C230C33007045D3 /* Release */,
			);
			defaultConfigurationIsVisible = 0;
		};
		8864F6751C230C33007045D3 /* Build configuration list for PBXNativeTarget "ChangeColorTests" */ = {
			isa = XCConfigurationList;
			buildConfigurations = (
				8864F6761C230C33007045D3 /* Debug */,
				8864F6771C230C33007045D3 /* Release */,
			);
			defaultConfigurationIsVisible = 0;
		};
		8864F6781C230C33007045D3 /* Build configuration list for PBXNativeTarget "ChangeColorUITests" */ = {
			isa = XCConfigurationList;
			buildConfigurations = (
				8864F6791C230C33007045D3 /* Debug */,
				8864F67A1C230C33007045D3 /* Release */,
			);
			defaultConfigurationIsVisible = 0;
		};
/* End XCConfigurationList section */
	};
	rootObject = 8864F6421C230C33007045D3 /* Project object */;
}
